<?xml version="1.0" encoding="utf-8"?>
<Project ToolsVersion="4.0" xmlns="http://schemas.microsoft.com/developer/msbuild/2003">
  <ItemGroup>
    <ClCompile Include="Animation.cpp" />
    <ClCompile Include="Bullet.cpp" />
    <ClCompile Include="DebugCamera.cpp" />
    <ClCompile Include="Gun.cpp" />
    <ClCompile Include="InputManager.cpp" />
    <ClCompile Include="GameObject.cpp" />
    <ClCompile Include="allofthelights.cpp" />
    <ClCompile Include="dxstuff.cpp" />
    <ClCompile Include="graphicsclass.cpp" />
    <ClCompile Include="GameManager.cpp" />
    <ClCompile Include="Camera.cpp" />
    <ClCompile Include="Model.cpp" />
    <ClCompile Include="MyWindow.cpp" />
    <ClCompile Include="PhysicsComponent.cpp" />
    <ClCompile Include="Player.cpp" />
    <ClCompile Include="RobotAnnihilation.cpp" />
    <ClCompile Include="ShaderManager.cpp" />
    <ClCompile Include="SkyboxShader.cpp" />
    <ClCompile Include="Sound.cpp" />
    <ClCompile Include="StaticShader.cpp" />
    <ClCompile Include="UIElement.cpp" />
    <ClCompile Include="Target.cpp" />
    <ClCompile Include="UIManager.cpp" />
    <ClCompile Include="WICTextureLoader.cpp" />
    <ClCompile Include="shaderstuff.cpp" />
    <ClCompile Include="XTime.cpp" />
    <ClCompile Include="EnemyManager.cpp" />
    <ClCompile Include="Frustum.cpp" />
    <ClCompile Include="Shop.cpp" />
    <ClCompile Include="Enemy.cpp" />
    <ClCompile Include="RangedEnemy.cpp" />
    <ClCompile Include="Pickup.cpp" />
    <ClCompile Include="BombEnemy.cpp" />
  </ItemGroup>
  <ItemGroup>
    <ClInclude Include="Animation.h" />
    <ClInclude Include="Bullet.h" />
    <ClInclude Include="DebugCamera.h" />
    <ClInclude Include="GameObject.h" />
    <ClInclude Include="allofthelights.h" />
    <ClInclude Include="dxstuff.h" />
    <ClInclude Include="GeneralIncludes.h" />
    <ClInclude Include="graphicsclass.h" />
    <ClInclude Include="Gun.h" />
    <ClInclude Include="InputManager.h" />
    <ClInclude Include="GameManager.h" />
    <ClInclude Include="Camera.h" />
    <ClInclude Include="header.h" />
    <ClInclude Include="MathDefines.h" />
    <ClInclude Include="Model.h" />
    <ClInclude Include="MyWindow.h" />
    <ClInclude Include="PhysicsComponent.h" />
    <ClInclude Include="Player.h" />
    <ClInclude Include="RobotAnnihilation.h" />
    <ClInclude Include="Resource.h" />
    <ClInclude Include="ShaderManager.h" />
    <ClInclude Include="shaderstuff.h" />
    <ClInclude Include="SkyboxShader.h" />
    <ClInclude Include="Sound.h" />
    <ClInclude Include="StaticShader.h" />
    <ClInclude Include="Target.h" />
    <ClInclude Include="targetver.h" />
    <ClInclude Include="UIElement.h" />
    <ClInclude Include="UIManager.h" />
    <ClInclude Include="WICTextureLoader.h" />
    <ClInclude Include="XTime.h" />
    <ClInclude Include="EnemyManager.h" />
    <ClInclude Include="EnemyManager.h">
      <Filter>Header Files</Filter>
    </ClInclude>
    <ClInclude Include="Frustum.h" />
    <ClInclude Include="Shop.h" />
    <ClInclude Include="Enemy.h" />
    <ClInclude Include="RangedEnemy.h" />
    <ClInclude Include="Pickup.h" />
    <ClInclude Include="Math_Types.h" />
    <ClInclude Include="BombEnemy.h" />
  </ItemGroup>
  <ItemGroup>
    <ResourceCompile Include="RobotAnnihilation.rc" />
  </ItemGroup>
  <ItemGroup>
    <Image Include="RobotAnnihilation.ico" />
    <Image Include="small.ico" />
  </ItemGroup>
  <ItemGroup>
    <None Include="NonAnimationVertexShader.vs" />
    <None Include="NonNormalPixelShader.ps" />
    <None Include="PixelShader.ps" />
    <None Include="Skybox.ps" />
    <None Include="Skybox.vs" />
    <None Include="VertexShader.vs" />
    <None Include="VertexShaderStatic.vs" />
  </ItemGroup>
</Project>