<?xml version="1.0" encoding="utf-8"?>
<Project ToolsVersion="4.0" xmlns="http://schemas.microsoft.com/developer/msbuild/2003">
  <ItemGroup>
    <Filter Include="Source Files">
      <UniqueIdentifier>{4FC737F1-C7A5-4376-A066-2A32D752A2FF}</UniqueIdentifier>
      <Extensions>cpp;c;cc;cxx;def;odl;idl;hpj;bat;asm;asmx</Extensions>
    </Filter>
    <Filter Include="Header Files">
      <UniqueIdentifier>{93995380-89BD-4b04-88EB-625FBE52EBFB}</UniqueIdentifier>
      <Extensions>h;hh;hpp;hxx;hm;inl;inc;ipp;xsd</Extensions>
    </Filter>
    <Filter Include="Resource Files">
      <UniqueIdentifier>{67DA6AB6-F800-4c08-8B7A-83BB121AAD01}</UniqueIdentifier>
      <Extensions>rc;ico;cur;bmp;dlg;rc2;rct;bin;rgs;gif;jpg;jpeg;jpe;resx;tiff;tif;png;wav;mfcribbon-ms</Extensions>
    </Filter>
    <Filter Include="Precompiled Header">
      <UniqueIdentifier>{d7c52cca-6a6c-4c7f-9dce-5be4cc364bb4}</UniqueIdentifier>
    </Filter>
    <Filter Include="GameObject &amp; Components">
      <UniqueIdentifier>{60cfc353-3a35-4434-b082-1b750d3e2934}</UniqueIdentifier>
    </Filter>
  </ItemGroup>
  <ItemGroup>
    <ClInclude Include="header.h">
      <Filter>Header Files</Filter>
    </ClInclude>
    <ClInclude Include="targetver.h">
      <Filter>Header Files</Filter>
    </ClInclude>
    <ClInclude Include="Resource.h">
      <Filter>Header Files</Filter>
    </ClInclude>
    <ClInclude Include="RobotAnnihilation.h">
      <Filter>Header Files</Filter>
    </ClInclude>
    <ClInclude Include="MathDefines.h">
      <Filter>Header Files</Filter>
    </ClInclude>
    <ClInclude Include="WICTextureLoader.h">
      <Filter>Header Files</Filter>
    </ClInclude>
    <ClInclude Include="graphicsclass.h">
      <Filter>Header Files</Filter>
    </ClInclude>
    <ClInclude Include="dxstuff.h">
      <Filter>Header Files</Filter>
    </ClInclude>
    <ClInclude Include="shaderstuff.h">
      <Filter>Header Files</Filter>
    </ClInclude>
    <ClInclude Include="allofthelights.h">
      <Filter>Header Files</Filter>
    </ClInclude>
    <ClInclude Include="XTime.h">
      <Filter>Header Files</Filter>
    </ClInclude>
    <ClInclude Include="InputManager.h">
      <Filter>Header Files</Filter>
    </ClInclude>
    <ClInclude Include="GameManager.h">
      <Filter>Header Files</Filter>
    </ClInclude>
    <ClInclude Include="Camera.h">
      <Filter>Header Files</Filter>
    </ClInclude>
    <ClInclude Include="MyWindow.h">
      <Filter>Header Files</Filter>
    </ClInclude>
    <ClInclude Include="StaticShader.h">
      <Filter>Header Files</Filter>
    </ClInclude>
    <ClInclude Include="ShaderManager.h">
      <Filter>Header Files</Filter>
    </ClInclude>
    <ClInclude Include="DebugCamera.h">
      <Filter>Header Files</Filter>
    </ClInclude>
    <ClInclude Include="UIManager.h">
      <Filter>Header Files</Filter>
    </ClInclude>
    <ClInclude Include="GameObject.h">
      <Filter>GameObject &amp; Components</Filter>
    </ClInclude>
    <ClInclude Include="Animation.h">
      <Filter>GameObject &amp; Components</Filter>
    </ClInclude>
    <ClInclude Include="PhysicsComponent.h">
      <Filter>GameObject &amp; Components</Filter>
    </ClInclude>
    <ClInclude Include="Model.h">
      <Filter>GameObject &amp; Components</Filter>
    </ClInclude>
    <ClInclude Include="Sound.h">
      <Filter>GameObject &amp; Components</Filter>
    </ClInclude>
    <ClInclude Include="Bullet.h">
      <Filter>Header Files</Filter>
    </ClInclude>
    <ClInclude Include="UIElement.h">
      <Filter>Header Files</Filter>
    </ClInclude>
    <ClInclude Include="GeneralIncludes.h">
      <Filter>Precompiled Header</Filter>
    </ClInclude>
    <ClInclude Include="Target.h">
      <Filter>Header Files</Filter>
    </ClInclude>
  </ItemGroup>
  <ItemGroup>
    <ClCompile Include="RobotAnnihilation.cpp">
      <Filter>Source Files</Filter>
    </ClCompile>
    <ClCompile Include="WICTextureLoader.cpp">
      <Filter>Source Files</Filter>
    </ClCompile>
    <ClCompile Include="graphicsclass.cpp">
      <Filter>Source Files</Filter>
    </ClCompile>
    <ClCompile Include="dxstuff.cpp">
      <Filter>Source Files</Filter>
    </ClCompile>
    <ClCompile Include="shaderstuff.cpp">
      <Filter>Source Files</Filter>
    </ClCompile>
    <ClCompile Include="allofthelights.cpp">
      <Filter>Source Files</Filter>
    </ClCompile>
    <ClCompile Include="XTime.cpp">
      <Filter>Source Files</Filter>
    </ClCompile>
    <ClCompile Include="InputManager.cpp">
      <Filter>Source Files</Filter>
    </ClCompile>
    <ClCompile Include="GameManager.cpp">
      <Filter>Source Files</Filter>
    </ClCompile>
    <ClCompile Include="Camera.cpp">
      <Filter>Source Files</Filter>
    </ClCompile>
    <ClCompile Include="MyWindow.cpp">
      <Filter>Source Files</Filter>
    </ClCompile>
    <ClCompile Include="StaticShader.cpp">
      <Filter>Source Files</Filter>
    </ClCompile>
    <ClCompile Include="ShaderManager.cpp">
      <Filter>Source Files</Filter>
    </ClCompile>
    <ClCompile Include="DebugCamera.cpp">
      <Filter>Source Files</Filter>
    </ClCompile>
    <ClCompile Include="UIManager.cpp">
      <Filter>Source Files</Filter>
    </ClCompile>
    <ClCompile Include="GameObject.cpp">
      <Filter>GameObject &amp; Components</Filter>
    </ClCompile>
    <ClCompile Include="Animation.cpp">
      <Filter>GameObject &amp; Components</Filter>
    </ClCompile>
    <ClCompile Include="PhysicsComponent.cpp">
      <Filter>GameObject &amp; Components</Filter>
    </ClCompile>
    <ClCompile Include="Model.cpp">
      <Filter>GameObject &amp; Components</Filter>
    </ClCompile>
    <ClCompile Include="Sound.cpp">
      <Filter>GameObject &amp; Components</Filter>
    </ClCompile>
    <ClCompile Include="Bullet.cpp">
      <Filter>Source Files</Filter>
    </ClCompile>
    <ClCompile Include="UIElement.cpp">
      <Filter>Source Files</Filter>
    </ClCompile>
    <ClCompile Include="Target.cpp">
      <Filter>Source Files</Filter>
    </ClCompile>
  </ItemGroup>
  <ItemGroup>
    <ResourceCompile Include="RobotAnnihilation.rc">
      <Filter>Resource Files</Filter>
    </ResourceCompile>
  </ItemGroup>
  <ItemGroup>
    <Image Include="small.ico">
      <Filter>Resource Files</Filter>
    </Image>
    <Image Include="RobotAnnihilation.ico">
      <Filter>Resource Files</Filter>
    </Image>
  </ItemGroup>
  <ItemGroup>
    <None Include="VertexShader.vs" />
    <None Include="PixelShader.ps" />
    <None Include="VertexShaderStatic.vs" />
    <None Include="NonNormalPixelShader.ps" />
    <None Include="NonAnimationVertexShader.vs" />
  </ItemGroup>
</Project>